
Microsoft Visual Studio Solution File, Format Version 12.00
# Visual Studio Version 16
VisualStudioVersion = 16.0.29613.14
MinimumVisualStudioVersion = 10.0.40219.1
Project("{FAE04EC0-301F-11D3-BF4B-00C04F79EFBC}") = "DiscordBot", "DiscordBot\DiscordBot.csproj", "{287DCC98-B276-4F4F-A919-BF9E6BE579F9}"
EndProject
Global
	GlobalSection(SolutionConfigurationPlatforms) = preSolution
		Debug|Any CPU = Debug|Any CPU
		Debug|x64 = Debug|x64
		Release|Any CPU = Release|Any CPU
		Release|x64 = Release|x64
	EndGlobalSection
	GlobalSection(ProjectConfigurationPlatforms) = postSolution
		{287DCC98-B276-4F4F-A919-BF9E6BE579F9}.Debug|Any CPU.ActiveCfg = Debug|Any CPU
		{287DCC98-B276-4F4F-A919-BF9E6BE579F9}.Debug|Any CPU.Build.0 = Debug|Any CPU
		{287DCC98-B276-4F4F-A919-BF9E6BE579F9}.Debug|x64.ActiveCfg = Debug|x64
		{287DCC98-B276-4F4F-A919-BF9E6BE579F9}.Debug|x64.Build.0 = Debug|x64
		{287DCC98-B276-4F4F-A919-BF9E6BE579F9}.Release|Any CPU.ActiveCfg = Release|Any CPU
		{287DCC98-B276-4F4F-A919-BF9E6BE579F9}.Release|Any CPU.Build.0 = Release|Any CPU
		{287DCC98-B276-4F4F-A919-BF9E6BE579F9}.Release|x64.ActiveCfg = Release|x64
		{287DCC98-B276-4F4F-A919-BF9E6BE579F9}.Release|x64.Build.0 = Release|x64
	EndGlobalSection
	GlobalSection(SolutionProperties) = preSolution
		HideSolutionNode = FALSE
	EndGlobalSection
	GlobalSection(ExtensibilityGlobals) = postSolution
		SolutionGuid = {216A59CA-913B-48C6-9BC8-9561186E03B8}
	EndGlobalSection
EndGlobal
